{
  "name": "CPS714-project",
  "lockfileVersion": 3,
  "requires": true,
  "packages": {
    "": {
      "dependencies": {
        "@fontsource/league-spartan": "^5.0.13"
      },
      "devDependencies": {
        "@types/node": "^20.8.0"
      }
    },
    "node_modules/@fontsource/league-spartan": {
      "version": "5.0.13",
      "resolved": "https://registry.npmjs.org/@fontsource/league-spartan/-/league-spartan-5.0.13.tgz",
      "integrity": "sha512-PxPA54ZbLeN4JMJznRmjrv1T3MqjfBMdPxE3iJEeQQlUe7bm29sNM49EELvBW17tor5QXFIY11G+XDicqaoFNw=="
    },
    "node_modules/@types/node": {
      "version": "20.8.0",
      "resolved": "https://registry.npmjs.org/@types/node/-/node-20.8.0.tgz",
      "integrity": "sha512-LzcWltT83s1bthcvjBmiBvGJiiUe84NWRHkw+ZV6Fr41z2FbIzvc815dk2nQ3RAKMuN2fkenM/z3Xv2QzEpYxQ==",
      "dev": true
    }
  }
}
